// !$*UTF8*$!
{
	archiveVersion = 1;
	classes = {
	};
	objectVersion = 52;
	objects = {

/* Begin PBXBuildFile section */
		6523A24325658A00009F808D /* AppDelegate.swift in Sources */ = {isa = PBXBuildFile; fileRef = 6523A24225658A00009F808D /* AppDelegate.swift */; };
		6523A24525658A00009F808D /* SceneDelegate.swift in Sources */ = {isa = PBXBuildFile; fileRef = 6523A24425658A00009F808D /* SceneDelegate.swift */; };
		6523A24A25658A00009F808D /* Main.storyboard in Resources */ = {isa = PBXBuildFile; fileRef = 6523A24825658A00009F808D /* Main.storyboard */; };
		6523A24C25658A01009F808D /* Assets.xcassets in Resources */ = {isa = PBXBuildFile; fileRef = 6523A24B25658A01009F808D /* Assets.xcassets */; };
		6523A24F25658A01009F808D /* LaunchScreen.storyboard in Resources */ = {isa = PBXBuildFile; fileRef = 6523A24D25658A01009F808D /* LaunchScreen.storyboard */; };
		6523A25A25658A01009F808D /* Marvel_CharactersTests.swift in Sources */ = {isa = PBXBuildFile; fileRef = 6523A25925658A01009F808D /* Marvel_CharactersTests.swift */; };
		6523A26525658A01009F808D /* Marvel_CharactersUITests.swift in Sources */ = {isa = PBXBuildFile; fileRef = 6523A26425658A01009F808D /* Marvel_CharactersUITests.swift */; };
		6523A27C25658A50009F808D /* MarvelCharactersDataSource.swift in Sources */ = {isa = PBXBuildFile; fileRef = 6523A27B25658A50009F808D /* MarvelCharactersDataSource.swift */; };
		6523A28325658B16009F808D /* CharacterDataWrapper.swift in Sources */ = {isa = PBXBuildFile; fileRef = 6523A28225658B16009F808D /* CharacterDataWrapper.swift */; };
		6523A28825658BEC009F808D /* MarvelDataModelNamespace.swift in Sources */ = {isa = PBXBuildFile; fileRef = 6523A28725658BEC009F808D /* MarvelDataModelNamespace.swift */; };
		6523A29125658E1F009F808D /* ZippyJSON in Frameworks */ = {isa = PBXBuildFile; productRef = 6523A29025658E1F009F808D /* ZippyJSON */; };
		6523A296256590F8009F808D /* CharacterDataContainer.swift in Sources */ = {isa = PBXBuildFile; fileRef = 6523A295256590F8009F808D /* CharacterDataContainer.swift */; };
		6523A29B2565911E009F808D /* Data_MarvelCharacter.swift in Sources */ = {isa = PBXBuildFile; fileRef = 6523A29A2565911E009F808D /* Data_MarvelCharacter.swift */; };
		6523A2A32565913A009F808D /* MarvelURL.swift in Sources */ = {isa = PBXBuildFile; fileRef = 6523A2A22565913A009F808D /* MarvelURL.swift */; };
		6523A2A825659150009F808D /* MarvelImage.swift in Sources */ = {isa = PBXBuildFile; fileRef = 6523A2A725659150009F808D /* MarvelImage.swift */; };
		6523A2AD25659166009F808D /* ComicList.swift in Sources */ = {isa = PBXBuildFile; fileRef = 6523A2AC25659166009F808D /* ComicList.swift */; };
		6523A2B225659178009F808D /* StoryList.swift in Sources */ = {isa = PBXBuildFile; fileRef = 6523A2B125659178009F808D /* StoryList.swift */; };
		6523A2B72565918C009F808D /* EventList.swift in Sources */ = {isa = PBXBuildFile; fileRef = 6523A2B62565918C009F808D /* EventList.swift */; };
		6523A2BC256591AF009F808D /* SeriesList.swift in Sources */ = {isa = PBXBuildFile; fileRef = 6523A2BB256591AF009F808D /* SeriesList.swift */; };
		6523A2C1256591C5009F808D /* ComicSummary.swift in Sources */ = {isa = PBXBuildFile; fileRef = 6523A2C0256591C5009F808D /* ComicSummary.swift */; };
		6523A2C6256591F5009F808D /* StorySummary.swift in Sources */ = {isa = PBXBuildFile; fileRef = 6523A2C5256591F5009F808D /* StorySummary.swift */; };
		6523A2CB2565920F009F808D /* EventSummary.swift in Sources */ = {isa = PBXBuildFile; fileRef = 6523A2CA2565920F009F808D /* EventSummary.swift */; };
		6523A2D025659224009F808D /* SeriesSummary.swift in Sources */ = {isa = PBXBuildFile; fileRef = 6523A2CF25659224009F808D /* SeriesSummary.swift */; };
		6523A2D725659293009F808D /* MarvelCharactersRouter.swift in Sources */ = {isa = PBXBuildFile; fileRef = 6523A2D625659293009F808D /* MarvelCharactersRouter.swift */; };
		6523A2E025659432009F808D /* MarvelCharacterOptionalQueryParameter.swift in Sources */ = {isa = PBXBuildFile; fileRef = 6523A2DF25659432009F808D /* MarvelCharacterOptionalQueryParameter.swift */; };
		6523A2E9256598FC009F808D /* DataUtils.swift in Sources */ = {isa = PBXBuildFile; fileRef = 6523A2E8256598FC009F808D /* DataUtils.swift */; };
		6523A2FA25659CF7009F808D /* MarvelCharacterOptionalQueryParameter+Details.swift in Sources */ = {isa = PBXBuildFile; fileRef = 6523A2F925659CF7009F808D /* MarvelCharacterOptionalQueryParameter+Details.swift */; };
		6523A2FF25659D29009F808D /* APIRouterProtocol.swift in Sources */ = {isa = PBXBuildFile; fileRef = 6523A2FE25659D29009F808D /* APIRouterProtocol.swift */; };
		6523A30625659DBC009F808D /* Network utils.swift in Sources */ = {isa = PBXBuildFile; fileRef = 6523A30525659DBC009F808D /* Network utils.swift */; };
		6523A30E25659F19009F808D /* MarvelAPIConfig.swift in Sources */ = {isa = PBXBuildFile; fileRef = 6523A30D25659F19009F808D /* MarvelAPIConfig.swift */; };
		6523A3132565A009009F808D /* MarvelEndpoint.swift in Sources */ = {isa = PBXBuildFile; fileRef = 6523A3122565A009009F808D /* MarvelEndpoint.swift */; };
		6523A3182565A27C009F808D /* EncodingFormat.swift in Sources */ = {isa = PBXBuildFile; fileRef = 6523A3172565A27C009F808D /* EncodingFormat.swift */; };
		65279E5D2565B16800B54561 /* URLSessionDataTaskPublisher+Validate.swift in Sources */ = {isa = PBXBuildFile; fileRef = 65279E5C2565B16800B54561 /* URLSessionDataTaskPublisher+Validate.swift */; };
		6531E5E4256828B100015D61 /* CharactersTableViewController+DataSourceDelegate.swift in Sources */ = {isa = PBXBuildFile; fileRef = 6531E5E3256828B100015D61 /* CharactersTableViewController+DataSourceDelegate.swift */; };
		6561AB5D25668F37008E74EB /* ErrorOutput.swift in Sources */ = {isa = PBXBuildFile; fileRef = 6561AB5C25668F37008E74EB /* ErrorOutput.swift */; };
		6561AB652566B8D4008E74EB /* URLSessionDataTaskPublisher+MarvelValidate.swift in Sources */ = {isa = PBXBuildFile; fileRef = 6561AB642566B8D4008E74EB /* URLSessionDataTaskPublisher+MarvelValidate.swift */; };
		6561ABB32566DAE4008E74EB /* MarvelCharacter.swift in Sources */ = {isa = PBXBuildFile; fileRef = 6561ABB22566DAE4008E74EB /* MarvelCharacter.swift */; };
		6561ABB92566DB42008E74EB /* MarvelCharacterModelMapper.swift in Sources */ = {isa = PBXBuildFile; fileRef = 6561ABB82566DB42008E74EB /* MarvelCharacterModelMapper.swift */; };
		6561ABC22566DCD7008E74EB /* MarvelCharactersRepository.swift in Sources */ = {isa = PBXBuildFile; fileRef = 6561ABC12566DCD7008E74EB /* MarvelCharactersRepository.swift */; };
		6561ABCA2566DCE2008E74EB /* MarvelCharactersRepositoryImplementation.swift in Sources */ = {isa = PBXBuildFile; fileRef = 6561ABC92566DCE2008E74EB /* MarvelCharactersRepositoryImplementation.swift */; };
		6561ABD12566F48E008E74EB /* Keys.m in Sources */ = {isa = PBXBuildFile; fileRef = 6561ABD02566F48E008E74EB /* Keys.m */; };
		6561ABD625681338008E74EB /* CharactersTableViewController.swift in Sources */ = {isa = PBXBuildFile; fileRef = 6561ABD525681338008E74EB /* CharactersTableViewController.swift */; };
		6561ABE225681391008E74EB /* CharactersListDataSource.swift in Sources */ = {isa = PBXBuildFile; fileRef = 6561ABE125681391008E74EB /* CharactersListDataSource.swift */; };
		6561ABE92568148B008E74EB /* CharactersSearchTableViewController.swift in Sources */ = {isa = PBXBuildFile; fileRef = 6561ABE72568148B008E74EB /* CharactersSearchTableViewController.swift */; };
		6561ABEA2568148B008E74EB /* CharactersSearchTableViewController.xib in Resources */ = {isa = PBXBuildFile; fileRef = 6561ABE82568148B008E74EB /* CharactersSearchTableViewController.xib */; };
		6561ABEF256814AD008E74EB /* CharactersSearchListDataSource.swift in Sources */ = {isa = PBXBuildFile; fileRef = 6561ABEE256814AD008E74EB /* CharactersSearchListDataSource.swift */; };
		6561ABF425681737008E74EB /* CharactersSearchTableViewController+UISearchResultsUpdating.swift in Sources */ = {isa = PBXBuildFile; fileRef = 6561ABF325681737008E74EB /* CharactersSearchTableViewController+UISearchResultsUpdating.swift */; };
		6561ABFE25681959008E74EB /* SearchTableViewCell.swift in Sources */ = {isa = PBXBuildFile; fileRef = 6561ABFC25681959008E74EB /* SearchTableViewCell.swift */; };
		6561ABFF25681959008E74EB /* SearchTableViewCell.xib in Resources */ = {isa = PBXBuildFile; fileRef = 6561ABFD25681959008E74EB /* SearchTableViewCell.xib */; };
		6561AC0725681B5E008E74EB /* CharactersSearchTableViewController+DataSourceDelegate.swift in Sources */ = {isa = PBXBuildFile; fileRef = 6561AC0625681B5E008E74EB /* CharactersSearchTableViewController+DataSourceDelegate.swift */; };
		6561AC0E25682631008E74EB /* CharacterTableViewCell.swift in Sources */ = {isa = PBXBuildFile; fileRef = 6561AC0C25682631008E74EB /* CharacterTableViewCell.swift */; };
		6561AC0F25682631008E74EB /* CharacterTableViewCell.xib in Resources */ = {isa = PBXBuildFile; fileRef = 6561AC0D25682631008E74EB /* CharacterTableViewCell.xib */; };
		657151A725682CE10035F3F1 /* CharactersTableViewController+PrefetchDataSource.swift in Sources */ = {isa = PBXBuildFile; fileRef = 657151A625682CE10035F3F1 /* CharactersTableViewController+PrefetchDataSource.swift */; };
		657151AC25682F610035F3F1 /* CharacterImagesController.swift in Sources */ = {isa = PBXBuildFile; fileRef = 657151AB25682F610035F3F1 /* CharacterImagesController.swift */; };
		657151B6256843F80035F3F1 /* UIImage+Resize.swift in Sources */ = {isa = PBXBuildFile; fileRef = 657151B5256843F80035F3F1 /* UIImage+Resize.swift */; };
		657151BB256848540035F3F1 /* Assets.swift in Sources */ = {isa = PBXBuildFile; fileRef = 657151BA256848540035F3F1 /* Assets.swift */; };
		657151C325684C640035F3F1 /* Constants.swift in Sources */ = {isa = PBXBuildFile; fileRef = 657151C225684C640035F3F1 /* Constants.swift */; };
/* End PBXBuildFile section */

/* Begin PBXContainerItemProxy section */
		6523A25625658A01009F808D /* PBXContainerItemProxy */ = {
			isa = PBXContainerItemProxy;
			containerPortal = 6523A23725658A00009F808D /* Project object */;
			proxyType = 1;
			remoteGlobalIDString = 6523A23E25658A00009F808D;
			remoteInfo = "Marvel Characters";
		};
		6523A26125658A01009F808D /* PBXContainerItemProxy */ = {
			isa = PBXContainerItemProxy;
			containerPortal = 6523A23725658A00009F808D /* Project object */;
			proxyType = 1;
			remoteGlobalIDString = 6523A23E25658A00009F808D;
			remoteInfo = "Marvel Characters";
		};
/* End PBXContainerItemProxy section */

/* Begin PBXFileReference section */
		6523A23F25658A00009F808D /* Marvel Characters.app */ = {isa = PBXFileReference; explicitFileType = wrapper.application; includeInIndex = 0; path = "Marvel Characters.app"; sourceTree = BUILT_PRODUCTS_DIR; };
		6523A24225658A00009F808D /* AppDelegate.swift */ = {isa = PBXFileReference; lastKnownFileType = sourcecode.swift; path = AppDelegate.swift; sourceTree = "<group>"; };
		6523A24425658A00009F808D /* SceneDelegate.swift */ = {isa = PBXFileReference; lastKnownFileType = sourcecode.swift; path = SceneDelegate.swift; sourceTree = "<group>"; };
		6523A24925658A00009F808D /* Base */ = {isa = PBXFileReference; lastKnownFileType = file.storyboard; name = Base; path = Base.lproj/Main.storyboard; sourceTree = "<group>"; };
		6523A24B25658A01009F808D /* Assets.xcassets */ = {isa = PBXFileReference; lastKnownFileType = folder.assetcatalog; path = Assets.xcassets; sourceTree = "<group>"; };
		6523A24E25658A01009F808D /* Base */ = {isa = PBXFileReference; lastKnownFileType = file.storyboard; name = Base; path = Base.lproj/LaunchScreen.storyboard; sourceTree = "<group>"; };
		6523A25025658A01009F808D /* Info.plist */ = {isa = PBXFileReference; lastKnownFileType = text.plist.xml; path = Info.plist; sourceTree = "<group>"; };
		6523A25525658A01009F808D /* Marvel CharactersTests.xctest */ = {isa = PBXFileReference; explicitFileType = wrapper.cfbundle; includeInIndex = 0; path = "Marvel CharactersTests.xctest"; sourceTree = BUILT_PRODUCTS_DIR; };
		6523A25925658A01009F808D /* Marvel_CharactersTests.swift */ = {isa = PBXFileReference; lastKnownFileType = sourcecode.swift; path = Marvel_CharactersTests.swift; sourceTree = "<group>"; };
		6523A25B25658A01009F808D /* Info.plist */ = {isa = PBXFileReference; lastKnownFileType = text.plist.xml; path = Info.plist; sourceTree = "<group>"; };
		6523A26025658A01009F808D /* Marvel CharactersUITests.xctest */ = {isa = PBXFileReference; explicitFileType = wrapper.cfbundle; includeInIndex = 0; path = "Marvel CharactersUITests.xctest"; sourceTree = BUILT_PRODUCTS_DIR; };
		6523A26425658A01009F808D /* Marvel_CharactersUITests.swift */ = {isa = PBXFileReference; lastKnownFileType = sourcecode.swift; path = Marvel_CharactersUITests.swift; sourceTree = "<group>"; };
		6523A26625658A01009F808D /* Info.plist */ = {isa = PBXFileReference; lastKnownFileType = text.plist.xml; path = Info.plist; sourceTree = "<group>"; };
		6523A27B25658A50009F808D /* MarvelCharactersDataSource.swift */ = {isa = PBXFileReference; lastKnownFileType = sourcecode.swift; path = MarvelCharactersDataSource.swift; sourceTree = "<group>"; };
		6523A28225658B16009F808D /* CharacterDataWrapper.swift */ = {isa = PBXFileReference; lastKnownFileType = sourcecode.swift; path = CharacterDataWrapper.swift; sourceTree = "<group>"; };
		6523A28725658BEC009F808D /* MarvelDataModelNamespace.swift */ = {isa = PBXFileReference; lastKnownFileType = sourcecode.swift; path = MarvelDataModelNamespace.swift; sourceTree = "<group>"; };
		6523A295256590F8009F808D /* CharacterDataContainer.swift */ = {isa = PBXFileReference; lastKnownFileType = sourcecode.swift; path = CharacterDataContainer.swift; sourceTree = "<group>"; };
		6523A29A2565911E009F808D /* Data_MarvelCharacter.swift */ = {isa = PBXFileReference; lastKnownFileType = sourcecode.swift; path = Data_MarvelCharacter.swift; sourceTree = "<group>"; };
		6523A2A22565913A009F808D /* MarvelURL.swift */ = {isa = PBXFileReference; lastKnownFileType = sourcecode.swift; path = MarvelURL.swift; sourceTree = "<group>"; };
		6523A2A725659150009F808D /* MarvelImage.swift */ = {isa = PBXFileReference; lastKnownFileType = sourcecode.swift; path = MarvelImage.swift; sourceTree = "<group>"; };
		6523A2AC25659166009F808D /* ComicList.swift */ = {isa = PBXFileReference; lastKnownFileType = sourcecode.swift; path = ComicList.swift; sourceTree = "<group>"; };
		6523A2B125659178009F808D /* StoryList.swift */ = {isa = PBXFileReference; lastKnownFileType = sourcecode.swift; path = StoryList.swift; sourceTree = "<group>"; };
		6523A2B62565918C009F808D /* EventList.swift */ = {isa = PBXFileReference; lastKnownFileType = sourcecode.swift; path = EventList.swift; sourceTree = "<group>"; };
		6523A2BB256591AF009F808D /* SeriesList.swift */ = {isa = PBXFileReference; lastKnownFileType = sourcecode.swift; path = SeriesList.swift; sourceTree = "<group>"; };
		6523A2C0256591C5009F808D /* ComicSummary.swift */ = {isa = PBXFileReference; lastKnownFileType = sourcecode.swift; path = ComicSummary.swift; sourceTree = "<group>"; };
		6523A2C5256591F5009F808D /* StorySummary.swift */ = {isa = PBXFileReference; lastKnownFileType = sourcecode.swift; path = StorySummary.swift; sourceTree = "<group>"; };
		6523A2CA2565920F009F808D /* EventSummary.swift */ = {isa = PBXFileReference; lastKnownFileType = sourcecode.swift; path = EventSummary.swift; sourceTree = "<group>"; };
		6523A2CF25659224009F808D /* SeriesSummary.swift */ = {isa = PBXFileReference; lastKnownFileType = sourcecode.swift; path = SeriesSummary.swift; sourceTree = "<group>"; };
		6523A2D625659293009F808D /* MarvelCharactersRouter.swift */ = {isa = PBXFileReference; lastKnownFileType = sourcecode.swift; path = MarvelCharactersRouter.swift; sourceTree = "<group>"; };
		6523A2DF25659432009F808D /* MarvelCharacterOptionalQueryParameter.swift */ = {isa = PBXFileReference; lastKnownFileType = sourcecode.swift; path = MarvelCharacterOptionalQueryParameter.swift; sourceTree = "<group>"; };
		6523A2E8256598FC009F808D /* DataUtils.swift */ = {isa = PBXFileReference; lastKnownFileType = sourcecode.swift; path = DataUtils.swift; sourceTree = "<group>"; };
		6523A2F925659CF7009F808D /* MarvelCharacterOptionalQueryParameter+Details.swift */ = {isa = PBXFileReference; lastKnownFileType = sourcecode.swift; path = "MarvelCharacterOptionalQueryParameter+Details.swift"; sourceTree = "<group>"; };
		6523A2FE25659D29009F808D /* APIRouterProtocol.swift */ = {isa = PBXFileReference; lastKnownFileType = sourcecode.swift; path = APIRouterProtocol.swift; sourceTree = "<group>"; };
		6523A30525659DBC009F808D /* Network utils.swift */ = {isa = PBXFileReference; lastKnownFileType = sourcecode.swift; path = "Network utils.swift"; sourceTree = "<group>"; };
		6523A30D25659F19009F808D /* MarvelAPIConfig.swift */ = {isa = PBXFileReference; lastKnownFileType = sourcecode.swift; path = MarvelAPIConfig.swift; sourceTree = "<group>"; };
		6523A3122565A009009F808D /* MarvelEndpoint.swift */ = {isa = PBXFileReference; lastKnownFileType = sourcecode.swift; path = MarvelEndpoint.swift; sourceTree = "<group>"; };
		6523A3172565A27C009F808D /* EncodingFormat.swift */ = {isa = PBXFileReference; lastKnownFileType = sourcecode.swift; path = EncodingFormat.swift; sourceTree = "<group>"; };
		65279E5C2565B16800B54561 /* URLSessionDataTaskPublisher+Validate.swift */ = {isa = PBXFileReference; lastKnownFileType = sourcecode.swift; path = "URLSessionDataTaskPublisher+Validate.swift"; sourceTree = "<group>"; };
		6531E5E3256828B100015D61 /* CharactersTableViewController+DataSourceDelegate.swift */ = {isa = PBXFileReference; lastKnownFileType = sourcecode.swift; path = "CharactersTableViewController+DataSourceDelegate.swift"; sourceTree = "<group>"; };
		6561AB5C25668F37008E74EB /* ErrorOutput.swift */ = {isa = PBXFileReference; lastKnownFileType = sourcecode.swift; path = ErrorOutput.swift; sourceTree = "<group>"; };
		6561AB642566B8D4008E74EB /* URLSessionDataTaskPublisher+MarvelValidate.swift */ = {isa = PBXFileReference; lastKnownFileType = sourcecode.swift; path = "URLSessionDataTaskPublisher+MarvelValidate.swift"; sourceTree = "<group>"; };
		6561AB6A2566C7BA008E74EB /* Config.xcconfig */ = {isa = PBXFileReference; lastKnownFileType = text.xcconfig; path = Config.xcconfig; sourceTree = "<group>"; };
		6561AB7F2566CEB2008E74EB /* Keys.xcconfig */ = {isa = PBXFileReference; lastKnownFileType = text.xcconfig; path = Keys.xcconfig; sourceTree = "<group>"; };
		6561AB872566CF4B008E74EB /* Marvel Characters-Bridging-Header.h */ = {isa = PBXFileReference; lastKnownFileType = sourcecode.c.h; path = "Marvel Characters-Bridging-Header.h"; sourceTree = "<group>"; };
		6561ABB22566DAE4008E74EB /* MarvelCharacter.swift */ = {isa = PBXFileReference; lastKnownFileType = sourcecode.swift; path = MarvelCharacter.swift; sourceTree = "<group>"; };
		6561ABB82566DB42008E74EB /* MarvelCharacterModelMapper.swift */ = {isa = PBXFileReference; lastKnownFileType = sourcecode.swift; path = MarvelCharacterModelMapper.swift; sourceTree = "<group>"; };
		6561ABC12566DCD7008E74EB /* MarvelCharactersRepository.swift */ = {isa = PBXFileReference; lastKnownFileType = sourcecode.swift; path = MarvelCharactersRepository.swift; sourceTree = "<group>"; };
		6561ABC92566DCE2008E74EB /* MarvelCharactersRepositoryImplementation.swift */ = {isa = PBXFileReference; lastKnownFileType = sourcecode.swift; path = MarvelCharactersRepositoryImplementation.swift; sourceTree = "<group>"; };
		6561ABCE2566E555008E74EB /* Keys.example.xcconfig */ = {isa = PBXFileReference; lastKnownFileType = text.xcconfig; path = Keys.example.xcconfig; sourceTree = "<group>"; };
		6561ABCF2566F48E008E74EB /* Keys.h */ = {isa = PBXFileReference; lastKnownFileType = sourcecode.c.h; path = Keys.h; sourceTree = "<group>"; };
		6561ABD02566F48E008E74EB /* Keys.m */ = {isa = PBXFileReference; lastKnownFileType = sourcecode.c.objc; path = Keys.m; sourceTree = "<group>"; };
		6561ABD525681338008E74EB /* CharactersTableViewController.swift */ = {isa = PBXFileReference; lastKnownFileType = sourcecode.swift; path = CharactersTableViewController.swift; sourceTree = "<group>"; };
		6561ABE125681391008E74EB /* CharactersListDataSource.swift */ = {isa = PBXFileReference; lastKnownFileType = sourcecode.swift; path = CharactersListDataSource.swift; sourceTree = "<group>"; };
		6561ABE72568148B008E74EB /* CharactersSearchTableViewController.swift */ = {isa = PBXFileReference; lastKnownFileType = sourcecode.swift; path = CharactersSearchTableViewController.swift; sourceTree = "<group>"; };
		6561ABE82568148B008E74EB /* CharactersSearchTableViewController.xib */ = {isa = PBXFileReference; lastKnownFileType = file.xib; path = CharactersSearchTableViewController.xib; sourceTree = "<group>"; };
		6561ABEE256814AD008E74EB /* CharactersSearchListDataSource.swift */ = {isa = PBXFileReference; lastKnownFileType = sourcecode.swift; path = CharactersSearchListDataSource.swift; sourceTree = "<group>"; };
		6561ABF325681737008E74EB /* CharactersSearchTableViewController+UISearchResultsUpdating.swift */ = {isa = PBXFileReference; lastKnownFileType = sourcecode.swift; path = "CharactersSearchTableViewController+UISearchResultsUpdating.swift"; sourceTree = "<group>"; };
		6561ABFC25681959008E74EB /* SearchTableViewCell.swift */ = {isa = PBXFileReference; lastKnownFileType = sourcecode.swift; path = SearchTableViewCell.swift; sourceTree = "<group>"; };
		6561ABFD25681959008E74EB /* SearchTableViewCell.xib */ = {isa = PBXFileReference; lastKnownFileType = file.xib; path = SearchTableViewCell.xib; sourceTree = "<group>"; };
		6561AC0625681B5E008E74EB /* CharactersSearchTableViewController+DataSourceDelegate.swift */ = {isa = PBXFileReference; lastKnownFileType = sourcecode.swift; path = "CharactersSearchTableViewController+DataSourceDelegate.swift"; sourceTree = "<group>"; };
		6561AC0C25682631008E74EB /* CharacterTableViewCell.swift */ = {isa = PBXFileReference; lastKnownFileType = sourcecode.swift; path = CharacterTableViewCell.swift; sourceTree = "<group>"; };
		6561AC0D25682631008E74EB /* CharacterTableViewCell.xib */ = {isa = PBXFileReference; lastKnownFileType = file.xib; path = CharacterTableViewCell.xib; sourceTree = "<group>"; };
		657151A625682CE10035F3F1 /* CharactersTableViewController+PrefetchDataSource.swift */ = {isa = PBXFileReference; lastKnownFileType = sourcecode.swift; path = "CharactersTableViewController+PrefetchDataSource.swift"; sourceTree = "<group>"; };
		657151AB25682F610035F3F1 /* CharacterImagesController.swift */ = {isa = PBXFileReference; lastKnownFileType = sourcecode.swift; path = CharacterImagesController.swift; sourceTree = "<group>"; };
		657151B5256843F80035F3F1 /* UIImage+Resize.swift */ = {isa = PBXFileReference; lastKnownFileType = sourcecode.swift; path = "UIImage+Resize.swift"; sourceTree = "<group>"; };
		657151BA256848540035F3F1 /* Assets.swift */ = {isa = PBXFileReference; lastKnownFileType = sourcecode.swift; path = Assets.swift; sourceTree = "<group>"; };
		657151C225684C640035F3F1 /* Constants.swift */ = {isa = PBXFileReference; lastKnownFileType = sourcecode.swift; path = Constants.swift; sourceTree = "<group>"; };
/* End PBXFileReference section */

/* Begin PBXFrameworksBuildPhase section */
		6523A23C25658A00009F808D /* Frameworks */ = {
			isa = PBXFrameworksBuildPhase;
			buildActionMask = 2147483647;
			files = (
				6523A29125658E1F009F808D /* ZippyJSON in Frameworks */,
			);
			runOnlyForDeploymentPostprocessing = 0;
		};
		6523A25225658A01009F808D /* Frameworks */ = {
			isa = PBXFrameworksBuildPhase;
			buildActionMask = 2147483647;
			files = (
			);
			runOnlyForDeploymentPostprocessing = 0;
		};
		6523A25D25658A01009F808D /* Frameworks */ = {
			isa = PBXFrameworksBuildPhase;
			buildActionMask = 2147483647;
			files = (
			);
			runOnlyForDeploymentPostprocessing = 0;
		};
/* End PBXFrameworksBuildPhase section */

/* Begin PBXGroup section */
		6523A23625658A00009F808D = {
			isa = PBXGroup;
			children = (
				6523A24125658A00009F808D /* Marvel Characters */,
				6523A25825658A01009F808D /* Marvel CharactersTests */,
				6523A26325658A01009F808D /* Marvel CharactersUITests */,
				6523A24025658A00009F808D /* Products */,
			);
			sourceTree = "<group>";
		};
		6523A24025658A00009F808D /* Products */ = {
			isa = PBXGroup;
			children = (
				6523A23F25658A00009F808D /* Marvel Characters.app */,
				6523A25525658A01009F808D /* Marvel CharactersTests.xctest */,
				6523A26025658A01009F808D /* Marvel CharactersUITests.xctest */,
			);
			name = Products;
			sourceTree = "<group>";
		};
		6523A24125658A00009F808D /* Marvel Characters */ = {
			isa = PBXGroup;
			children = (
				657151B4256843EE0035F3F1 /* utils */,
				6561AB832566CF24008E74EB /* config */,
				6523A30325659D58009F808D /* architecture */,
				6523A27A25658A1E009F808D /* Data */,
				6523A27925658A1A009F808D /* Domain */,
				6523A27525658A13009F808D /* Presentation */,
				6523A24225658A00009F808D /* AppDelegate.swift */,
				6523A24425658A00009F808D /* SceneDelegate.swift */,
				6523A24825658A00009F808D /* Main.storyboard */,
				6523A24B25658A01009F808D /* Assets.xcassets */,
				6523A24D25658A01009F808D /* LaunchScreen.storyboard */,
				6523A25025658A01009F808D /* Info.plist */,
			);
			path = "Marvel Characters";
			sourceTree = "<group>";
		};
		6523A25825658A01009F808D /* Marvel CharactersTests */ = {
			isa = PBXGroup;
			children = (
				6523A25925658A01009F808D /* Marvel_CharactersTests.swift */,
				6523A25B25658A01009F808D /* Info.plist */,
			);
			path = "Marvel CharactersTests";
			sourceTree = "<group>";
		};
		6523A26325658A01009F808D /* Marvel CharactersUITests */ = {
			isa = PBXGroup;
			children = (
				6523A26425658A01009F808D /* Marvel_CharactersUITests.swift */,
				6523A26625658A01009F808D /* Info.plist */,
			);
			path = "Marvel CharactersUITests";
			sourceTree = "<group>";
		};
		6523A27525658A13009F808D /* Presentation */ = {
			isa = PBXGroup;
			children = (
				6561ABDD2568136A008E74EB /* Characters List */,
				6561ABE625681459008E74EB /* Search screen */,
			);
			path = Presentation;
			sourceTree = "<group>";
		};
		6523A27925658A1A009F808D /* Domain */ = {
			isa = PBXGroup;
			children = (
				6561ABC02566DCC3008E74EB /* Repositories */,
				6523A28125658A6F009F808D /* Models */,
			);
			path = Domain;
			sourceTree = "<group>";
		};
		6523A27A25658A1E009F808D /* Data */ = {
			isa = PBXGroup;
			children = (
				6523A2E7256598F1009F808D /* utils */,
				6523A2D525659268009F808D /* Data sources */,
				6523A2D425659264009F808D /* Routers */,
				6523A28025658A69009F808D /* Models */,
			);
			path = Data;
			sourceTree = "<group>";
		};
		6523A28025658A69009F808D /* Models */ = {
			isa = PBXGroup;
			children = (
				6561AB5B25668F22008E74EB /* Output */,
				6523A2DE2565941C009F808D /* Input */,
				6561AB5C25668F37008E74EB /* ErrorOutput.swift */,
			);
			path = Models;
			sourceTree = "<group>";
		};
		6523A28125658A6F009F808D /* Models */ = {
			isa = PBXGroup;
			children = (
				6561ABB12566DABE008E74EB /* Output */,
			);
			path = Models;
			sourceTree = "<group>";
		};
		6523A2D425659264009F808D /* Routers */ = {
			isa = PBXGroup;
			children = (
				6523A2D625659293009F808D /* MarvelCharactersRouter.swift */,
			);
			path = Routers;
			sourceTree = "<group>";
		};
		6523A2D525659268009F808D /* Data sources */ = {
			isa = PBXGroup;
			children = (
				6523A27B25658A50009F808D /* MarvelCharactersDataSource.swift */,
			);
			path = "Data sources";
			sourceTree = "<group>";
		};
		6523A2DE2565941C009F808D /* Input */ = {
			isa = PBXGroup;
			children = (
				6523A2DF25659432009F808D /* MarvelCharacterOptionalQueryParameter.swift */,
				6523A2F925659CF7009F808D /* MarvelCharacterOptionalQueryParameter+Details.swift */,
			);
			path = Input;
			sourceTree = "<group>";
		};
		6523A2E7256598F1009F808D /* utils */ = {
			isa = PBXGroup;
			children = (
				6523A2E8256598FC009F808D /* DataUtils.swift */,
				6523A30D25659F19009F808D /* MarvelAPIConfig.swift */,
				6523A3122565A009009F808D /* MarvelEndpoint.swift */,
				6561AB642566B8D4008E74EB /* URLSessionDataTaskPublisher+MarvelValidate.swift */,
			);
			path = utils;
			sourceTree = "<group>";
		};
		6523A30325659D58009F808D /* architecture */ = {
			isa = PBXGroup;
			children = (
				6523A30425659DAB009F808D /* Network */,
			);
			path = architecture;
			sourceTree = "<group>";
		};
		6523A30425659DAB009F808D /* Network */ = {
			isa = PBXGroup;
			children = (
				6523A2FE25659D29009F808D /* APIRouterProtocol.swift */,
				6523A30525659DBC009F808D /* Network utils.swift */,
				6523A3172565A27C009F808D /* EncodingFormat.swift */,
				65279E5C2565B16800B54561 /* URLSessionDataTaskPublisher+Validate.swift */,
			);
			path = Network;
			sourceTree = "<group>";
		};
		6531E5E02568284300015D61 /* Supporting views */ = {
			isa = PBXGroup;
			children = (
				6561AC0B256825FC008E74EB /* Character row */,
			);
			path = "Supporting views";
			sourceTree = "<group>";
		};
		6531E5E12568284D00015D61 /* Supporting views */ = {
			isa = PBXGroup;
			children = (
				6561ABFB25681924008E74EB /* Search row */,
			);
			path = "Supporting views";
			sourceTree = "<group>";
		};
		6531E5E22568287F00015D61 /* Details */ = {
			isa = PBXGroup;
			children = (
				6531E5E3256828B100015D61 /* CharactersTableViewController+DataSourceDelegate.swift */,
				657151A625682CE10035F3F1 /* CharactersTableViewController+PrefetchDataSource.swift */,
				657151AB25682F610035F3F1 /* CharacterImagesController.swift */,
			);
			path = Details;
			sourceTree = "<group>";
		};
		6561AB5B25668F22008E74EB /* Output */ = {
			isa = PBXGroup;
			children = (
				6523A28725658BEC009F808D /* MarvelDataModelNamespace.swift */,
				6523A28225658B16009F808D /* CharacterDataWrapper.swift */,
				6523A295256590F8009F808D /* CharacterDataContainer.swift */,
				6523A29A2565911E009F808D /* Data_MarvelCharacter.swift */,
				6523A2A22565913A009F808D /* MarvelURL.swift */,
				6523A2A725659150009F808D /* MarvelImage.swift */,
				6523A2AC25659166009F808D /* ComicList.swift */,
				6523A2B125659178009F808D /* StoryList.swift */,
				6523A2B62565918C009F808D /* EventList.swift */,
				6523A2BB256591AF009F808D /* SeriesList.swift */,
				6523A2C0256591C5009F808D /* ComicSummary.swift */,
				6523A2C5256591F5009F808D /* StorySummary.swift */,
				6523A2CA2565920F009F808D /* EventSummary.swift */,
				6523A2CF25659224009F808D /* SeriesSummary.swift */,
			);
			path = Output;
			sourceTree = "<group>";
		};
		6561AB832566CF24008E74EB /* config */ = {
			isa = PBXGroup;
			children = (
				6561AB7F2566CEB2008E74EB /* Keys.xcconfig */,
				6561ABCE2566E555008E74EB /* Keys.example.xcconfig */,
				6561AB6A2566C7BA008E74EB /* Config.xcconfig */,
				6561AB872566CF4B008E74EB /* Marvel Characters-Bridging-Header.h */,
				6561ABCF2566F48E008E74EB /* Keys.h */,
				6561ABD02566F48E008E74EB /* Keys.m */,
			);
			path = config;
			sourceTree = "<group>";
		};
		6561ABB12566DABE008E74EB /* Output */ = {
			isa = PBXGroup;
			children = (
				6561ABB72566DB35008E74EB /* Mappers */,
				6561ABB22566DAE4008E74EB /* MarvelCharacter.swift */,
			);
			path = Output;
			sourceTree = "<group>";
		};
		6561ABB72566DB35008E74EB /* Mappers */ = {
			isa = PBXGroup;
			children = (
				6561ABB82566DB42008E74EB /* MarvelCharacterModelMapper.swift */,
			);
			path = Mappers;
			sourceTree = "<group>";
		};
		6561ABC02566DCC3008E74EB /* Repositories */ = {
			isa = PBXGroup;
			children = (
				6561ABC12566DCD7008E74EB /* MarvelCharactersRepository.swift */,
				6561ABC92566DCE2008E74EB /* MarvelCharactersRepositoryImplementation.swift */,
			);
			path = Repositories;
			sourceTree = "<group>";
		};
		6561ABDD2568136A008E74EB /* Characters List */ = {
			isa = PBXGroup;
			children = (
				6531E5E02568284300015D61 /* Supporting views */,
				6531E5E22568287F00015D61 /* Details */,
				6561ABD525681338008E74EB /* CharactersTableViewController.swift */,
				6561ABE125681391008E74EB /* CharactersListDataSource.swift */,
			);
			path = "Characters List";
			sourceTree = "<group>";
		};
		6561ABE625681459008E74EB /* Search screen */ = {
			isa = PBXGroup;
			children = (
				6531E5E12568284D00015D61 /* Supporting views */,
				6561AC1625682656008E74EB /* Details */,
				6561ABE72568148B008E74EB /* CharactersSearchTableViewController.swift */,
				6561ABE82568148B008E74EB /* CharactersSearchTableViewController.xib */,
				6561ABEE256814AD008E74EB /* CharactersSearchListDataSource.swift */,
			);
			path = "Search screen";
			sourceTree = "<group>";
		};
		6561ABFB25681924008E74EB /* Search row */ = {
			isa = PBXGroup;
			children = (
				6561ABFC25681959008E74EB /* SearchTableViewCell.swift */,
				6561ABFD25681959008E74EB /* SearchTableViewCell.xib */,
			);
			path = "Search row";
			sourceTree = "<group>";
		};
		6561AC0B256825FC008E74EB /* Character row */ = {
			isa = PBXGroup;
			children = (
				6561AC0C25682631008E74EB /* CharacterTableViewCell.swift */,
				6561AC0D25682631008E74EB /* CharacterTableViewCell.xib */,
			);
			path = "Character row";
			sourceTree = "<group>";
		};
		6561AC1625682656008E74EB /* Details */ = {
			isa = PBXGroup;
			children = (
				6561ABF325681737008E74EB /* CharactersSearchTableViewController+UISearchResultsUpdating.swift */,
				6561AC0625681B5E008E74EB /* CharactersSearchTableViewController+DataSourceDelegate.swift */,
			);
			path = Details;
			sourceTree = "<group>";
		};
		657151B4256843EE0035F3F1 /* utils */ = {
			isa = PBXGroup;
			children = (
				657151B5256843F80035F3F1 /* UIImage+Resize.swift */,
				657151BA256848540035F3F1 /* Assets.swift */,
				657151C225684C640035F3F1 /* Constants.swift */,
			);
			path = utils;
			sourceTree = "<group>";
		};
/* End PBXGroup section */

/* Begin PBXNativeTarget section */
		6523A23E25658A00009F808D /* Marvel Characters */ = {
			isa = PBXNativeTarget;
			buildConfigurationList = 6523A26925658A01009F808D /* Build configuration list for PBXNativeTarget "Marvel Characters" */;
			buildPhases = (
				6523A23B25658A00009F808D /* Sources */,
				6523A23C25658A00009F808D /* Frameworks */,
				6523A23D25658A00009F808D /* Resources */,
			);
			buildRules = (
			);
			dependencies = (
			);
			name = "Marvel Characters";
			packageProductDependencies = (
				6523A29025658E1F009F808D /* ZippyJSON */,
			);
			productName = "Marvel Characters";
			productReference = 6523A23F25658A00009F808D /* Marvel Characters.app */;
			productType = "com.apple.product-type.application";
		};
		6523A25425658A01009F808D /* Marvel CharactersTests */ = {
			isa = PBXNativeTarget;
			buildConfigurationList = 6523A26C25658A01009F808D /* Build configuration list for PBXNativeTarget "Marvel CharactersTests" */;
			buildPhases = (
				6523A25125658A01009F808D /* Sources */,
				6523A25225658A01009F808D /* Frameworks */,
				6523A25325658A01009F808D /* Resources */,
			);
			buildRules = (
			);
			dependencies = (
				6523A25725658A01009F808D /* PBXTargetDependency */,
			);
			name = "Marvel CharactersTests";
			productName = "Marvel CharactersTests";
			productReference = 6523A25525658A01009F808D /* Marvel CharactersTests.xctest */;
			productType = "com.apple.product-type.bundle.unit-test";
		};
		6523A25F25658A01009F808D /* Marvel CharactersUITests */ = {
			isa = PBXNativeTarget;
			buildConfigurationList = 6523A26F25658A01009F808D /* Build configuration list for PBXNativeTarget "Marvel CharactersUITests" */;
			buildPhases = (
				6523A25C25658A01009F808D /* Sources */,
				6523A25D25658A01009F808D /* Frameworks */,
				6523A25E25658A01009F808D /* Resources */,
			);
			buildRules = (
			);
			dependencies = (
				6523A26225658A01009F808D /* PBXTargetDependency */,
			);
			name = "Marvel CharactersUITests";
			productName = "Marvel CharactersUITests";
			productReference = 6523A26025658A01009F808D /* Marvel CharactersUITests.xctest */;
			productType = "com.apple.product-type.bundle.ui-testing";
		};
/* End PBXNativeTarget section */

/* Begin PBXProject section */
		6523A23725658A00009F808D /* Project object */ = {
			isa = PBXProject;
			attributes = {
				LastSwiftUpdateCheck = 1220;
				LastUpgradeCheck = 1220;
				TargetAttributes = {
					6523A23E25658A00009F808D = {
						CreatedOnToolsVersion = 12.2;
						LastSwiftMigration = 1220;
					};
					6523A25425658A01009F808D = {
						CreatedOnToolsVersion = 12.2;
						TestTargetID = 6523A23E25658A00009F808D;
					};
					6523A25F25658A01009F808D = {
						CreatedOnToolsVersion = 12.2;
						TestTargetID = 6523A23E25658A00009F808D;
					};
				};
			};
			buildConfigurationList = 6523A23A25658A00009F808D /* Build configuration list for PBXProject "Marvel Characters" */;
			compatibilityVersion = "Xcode 9.3";
			developmentRegion = en;
			hasScannedForEncodings = 0;
			knownRegions = (
				en,
				Base,
			);
			mainGroup = 6523A23625658A00009F808D;
			packageReferences = (
				6523A28F25658E1F009F808D /* XCRemoteSwiftPackageReference "ZippyJSON" */,
			);
			productRefGroup = 6523A24025658A00009F808D /* Products */;
			projectDirPath = "";
			projectRoot = "";
			targets = (
				6523A23E25658A00009F808D /* Marvel Characters */,
				6523A25425658A01009F808D /* Marvel CharactersTests */,
				6523A25F25658A01009F808D /* Marvel CharactersUITests */,
			);
		};
/* End PBXProject section */

/* Begin PBXResourcesBuildPhase section */
		6523A23D25658A00009F808D /* Resources */ = {
			isa = PBXResourcesBuildPhase;
			buildActionMask = 2147483647;
			files = (
				6523A24F25658A01009F808D /* LaunchScreen.storyboard in Resources */,
				6561ABEA2568148B008E74EB /* CharactersSearchTableViewController.xib in Resources */,
				6523A24C25658A01009F808D /* Assets.xcassets in Resources */,
				6561AC0F25682631008E74EB /* CharacterTableViewCell.xib in Resources */,
				6523A24A25658A00009F808D /* Main.storyboard in Resources */,
				6561ABFF25681959008E74EB /* SearchTableViewCell.xib in Resources */,
			);
			runOnlyForDeploymentPostprocessing = 0;
		};
		6523A25325658A01009F808D /* Resources */ = {
			isa = PBXResourcesBuildPhase;
			buildActionMask = 2147483647;
			files = (
			);
			runOnlyForDeploymentPostprocessing = 0;
		};
		6523A25E25658A01009F808D /* Resources */ = {
			isa = PBXResourcesBuildPhase;
			buildActionMask = 2147483647;
			files = (
			);
			runOnlyForDeploymentPostprocessing = 0;
		};
/* End PBXResourcesBuildPhase section */

/* Begin PBXSourcesBuildPhase section */
		6523A23B25658A00009F808D /* Sources */ = {
			isa = PBXSourcesBuildPhase;
			buildActionMask = 2147483647;
			files = (
				6561ABD12566F48E008E74EB /* Keys.m in Sources */,
				6523A2FF25659D29009F808D /* APIRouterProtocol.swift in Sources */,
				6561ABB32566DAE4008E74EB /* MarvelCharacter.swift in Sources */,
				6523A2E025659432009F808D /* MarvelCharacterOptionalQueryParameter.swift in Sources */,
				6561ABE225681391008E74EB /* CharactersListDataSource.swift in Sources */,
				6561ABCA2566DCE2008E74EB /* MarvelCharactersRepositoryImplementation.swift in Sources */,
				6561ABF425681737008E74EB /* CharactersSearchTableViewController+UISearchResultsUpdating.swift in Sources */,
				6523A3132565A009009F808D /* MarvelEndpoint.swift in Sources */,
				6523A24325658A00009F808D /* AppDelegate.swift in Sources */,
				6561ABEF256814AD008E74EB /* CharactersSearchListDataSource.swift in Sources */,
				6523A3182565A27C009F808D /* EncodingFormat.swift in Sources */,
				6523A2BC256591AF009F808D /* SeriesList.swift in Sources */,
				6523A28825658BEC009F808D /* MarvelDataModelNamespace.swift in Sources */,
				65279E5D2565B16800B54561 /* URLSessionDataTaskPublisher+Validate.swift in Sources */,
				6561ABB92566DB42008E74EB /* MarvelCharacterModelMapper.swift in Sources */,
				6561ABC22566DCD7008E74EB /* MarvelCharactersRepository.swift in Sources */,
				6523A2B225659178009F808D /* StoryList.swift in Sources */,
				6523A27C25658A50009F808D /* MarvelCharactersDataSource.swift in Sources */,
				6523A29B2565911E009F808D /* Data_MarvelCharacter.swift in Sources */,
				6523A2D025659224009F808D /* SeriesSummary.swift in Sources */,
				6523A2AD25659166009F808D /* ComicList.swift in Sources */,
				6523A2B72565918C009F808D /* EventList.swift in Sources */,
				657151BB256848540035F3F1 /* Assets.swift in Sources */,
				657151C325684C640035F3F1 /* Constants.swift in Sources */,
				657151AC25682F610035F3F1 /* CharacterImagesController.swift in Sources */,
				6523A2CB2565920F009F808D /* EventSummary.swift in Sources */,
				6561AB5D25668F37008E74EB /* ErrorOutput.swift in Sources */,
				6523A296256590F8009F808D /* CharacterDataContainer.swift in Sources */,
				6523A28325658B16009F808D /* CharacterDataWrapper.swift in Sources */,
				6561AB652566B8D4008E74EB /* URLSessionDataTaskPublisher+MarvelValidate.swift in Sources */,
				657151A725682CE10035F3F1 /* CharactersTableViewController+PrefetchDataSource.swift in Sources */,
				6531E5E4256828B100015D61 /* CharactersTableViewController+DataSourceDelegate.swift in Sources */,
				6561ABD625681338008E74EB /* CharactersTableViewController.swift in Sources */,
				6561ABE92568148B008E74EB /* CharactersSearchTableViewController.swift in Sources */,
				6561AC0E25682631008E74EB /* CharacterTableViewCell.swift in Sources */,
				6561ABFE25681959008E74EB /* SearchTableViewCell.swift in Sources */,
				6523A2FA25659CF7009F808D /* MarvelCharacterOptionalQueryParameter+Details.swift in Sources */,
				6523A2E9256598FC009F808D /* DataUtils.swift in Sources */,
				6523A24525658A00009F808D /* SceneDelegate.swift in Sources */,
				6561AC0725681B5E008E74EB /* CharactersSearchTableViewController+DataSourceDelegate.swift in Sources */,
				6523A30E25659F19009F808D /* MarvelAPIConfig.swift in Sources */,
				6523A2C6256591F5009F808D /* StorySummary.swift in Sources */,
				6523A2A825659150009F808D /* MarvelImage.swift in Sources */,
				6523A30625659DBC009F808D /* Network utils.swift in Sources */,
				6523A2C1256591C5009F808D /* ComicSummary.swift in Sources */,
				657151B6256843F80035F3F1 /* UIImage+Resize.swift in Sources */,
				6523A2A32565913A009F808D /* MarvelURL.swift in Sources */,
				6523A2D725659293009F808D /* MarvelCharactersRouter.swift in Sources */,
			);
			runOnlyForDeploymentPostprocessing = 0;
		};
		6523A25125658A01009F808D /* Sources */ = {
			isa = PBXSourcesBuildPhase;
			buildActionMask = 2147483647;
			files = (
				6523A25A25658A01009F808D /* Marvel_CharactersTests.swift in Sources */,
			);
			runOnlyForDeploymentPostprocessing = 0;
		};
		6523A25C25658A01009F808D /* Sources */ = {
			isa = PBXSourcesBuildPhase;
			buildActionMask = 2147483647;
			files = (
				6523A26525658A01009F808D /* Marvel_CharactersUITests.swift in Sources */,
			);
			runOnlyForDeploymentPostprocessing = 0;
		};
/* End PBXSourcesBuildPhase section */

/* Begin PBXTargetDependency section */
		6523A25725658A01009F808D /* PBXTargetDependency */ = {
			isa = PBXTargetDependency;
			target = 6523A23E25658A00009F808D /* Marvel Characters */;
			targetProxy = 6523A25625658A01009F808D /* PBXContainerItemProxy */;
		};
		6523A26225658A01009F808D /* PBXTargetDependency */ = {
			isa = PBXTargetDependency;
			target = 6523A23E25658A00009F808D /* Marvel Characters */;
			targetProxy = 6523A26125658A01009F808D /* PBXContainerItemProxy */;
		};
/* End PBXTargetDependency section */

/* Begin PBXVariantGroup section */
		6523A24825658A00009F808D /* Main.storyboard */ = {
			isa = PBXVariantGroup;
			children = (
				6523A24925658A00009F808D /* Base */,
			);
			name = Main.storyboard;
			sourceTree = "<group>";
		};
		6523A24D25658A01009F808D /* LaunchScreen.storyboard */ = {
			isa = PBXVariantGroup;
			children = (
				6523A24E25658A01009F808D /* Base */,
			);
			name = LaunchScreen.storyboard;
			sourceTree = "<group>";
		};
/* End PBXVariantGroup section */

/* Begin XCBuildConfiguration section */
		6523A26725658A01009F808D /* Debug */ = {
			isa = XCBuildConfiguration;
			buildSettings = {
				ALWAYS_SEARCH_USER_PATHS = NO;
				CLANG_ANALYZER_NONNULL = YES;
				CLANG_ANALYZER_NUMBER_OBJECT_CONVERSION = YES_AGGRESSIVE;
				CLANG_CXX_LANGUAGE_STANDARD = "gnu++14";
				CLANG_CXX_LIBRARY = "libc++";
				CLANG_ENABLE_MODULES = YES;
				CLANG_ENABLE_OBJC_ARC = YES;
				CLANG_ENABLE_OBJC_WEAK = YES;
				CLANG_WARN_BLOCK_CAPTURE_AUTORELEASING = YES;
				CLANG_WARN_BOOL_CONVERSION = YES;
				CLANG_WARN_COMMA = YES;
				CLANG_WARN_CONSTANT_CONVERSION = YES;
				CLANG_WARN_DEPRECATED_OBJC_IMPLEMENTATIONS = YES;
				CLANG_WARN_DIRECT_OBJC_ISA_USAGE = YES_ERROR;
				CLANG_WARN_DOCUMENTATION_COMMENTS = YES;
				CLANG_WARN_EMPTY_BODY = YES;
				CLANG_WARN_ENUM_CONVERSION = YES;
				CLANG_WARN_INFINITE_RECURSION = YES;
				CLANG_WARN_INT_CONVERSION = YES;
				CLANG_WARN_NON_LITERAL_NULL_CONVERSION = YES;
				CLANG_WARN_OBJC_IMPLICIT_RETAIN_SELF = YES;
				CLANG_WARN_OBJC_LITERAL_CONVERSION = YES;
				CLANG_WARN_OBJC_ROOT_CLASS = YES_ERROR;
				CLANG_WARN_QUOTED_INCLUDE_IN_FRAMEWORK_HEADER = YES;
				CLANG_WARN_RANGE_LOOP_ANALYSIS = YES;
				CLANG_WARN_STRICT_PROTOTYPES = YES;
				CLANG_WARN_SUSPICIOUS_MOVE = YES;
				CLANG_WARN_UNGUARDED_AVAILABILITY = YES_AGGRESSIVE;
				CLANG_WARN_UNREACHABLE_CODE = YES;
				CLANG_WARN__DUPLICATE_METHOD_MATCH = YES;
				COPY_PHASE_STRIP = NO;
				DEBUG_INFORMATION_FORMAT = dwarf;
				ENABLE_STRICT_OBJC_MSGSEND = YES;
				ENABLE_TESTABILITY = YES;
				GCC_C_LANGUAGE_STANDARD = gnu11;
				GCC_DYNAMIC_NO_PIC = NO;
				GCC_NO_COMMON_BLOCKS = YES;
				GCC_OPTIMIZATION_LEVEL = 0;
				GCC_PREPROCESSOR_DEFINITIONS = (
					"DEBUG=1",
					"$(inherited)",
				);
				GCC_WARN_64_TO_32_BIT_CONVERSION = YES;
				GCC_WARN_ABOUT_RETURN_TYPE = YES_ERROR;
				GCC_WARN_UNDECLARED_SELECTOR = YES;
				GCC_WARN_UNINITIALIZED_AUTOS = YES_AGGRESSIVE;
				GCC_WARN_UNUSED_FUNCTION = YES;
				GCC_WARN_UNUSED_VARIABLE = YES;
				IPHONEOS_DEPLOYMENT_TARGET = 14.2;
				MTL_ENABLE_DEBUG_INFO = INCLUDE_SOURCE;
				MTL_FAST_MATH = YES;
				ONLY_ACTIVE_ARCH = YES;
				SDKROOT = iphoneos;
				SWIFT_ACTIVE_COMPILATION_CONDITIONS = DEBUG;
				SWIFT_OPTIMIZATION_LEVEL = "-Onone";
				SWIFT_VERSION = 5.0;
			};
			name = Debug;
		};
		6523A26825658A01009F808D /* Release */ = {
			isa = XCBuildConfiguration;
			buildSettings = {
				ALWAYS_SEARCH_USER_PATHS = NO;
				CLANG_ANALYZER_NONNULL = YES;
				CLANG_ANALYZER_NUMBER_OBJECT_CONVERSION = YES_AGGRESSIVE;
				CLANG_CXX_LANGUAGE_STANDARD = "gnu++14";
				CLANG_CXX_LIBRARY = "libc++";
				CLANG_ENABLE_MODULES = YES;
				CLANG_ENABLE_OBJC_ARC = YES;
				CLANG_ENABLE_OBJC_WEAK = YES;
				CLANG_WARN_BLOCK_CAPTURE_AUTORELEASING = YES;
				CLANG_WARN_BOOL_CONVERSION = YES;
				CLANG_WARN_COMMA = YES;
				CLANG_WARN_CONSTANT_CONVERSION = YES;
				CLANG_WARN_DEPRECATED_OBJC_IMPLEMENTATIONS = YES;
				CLANG_WARN_DIRECT_OBJC_ISA_USAGE = YES_ERROR;
				CLANG_WARN_DOCUMENTATION_COMMENTS = YES;
				CLANG_WARN_EMPTY_BODY = YES;
				CLANG_WARN_ENUM_CONVERSION = YES;
				CLANG_WARN_INFINITE_RECURSION = YES;
				CLANG_WARN_INT_CONVERSION = YES;
				CLANG_WARN_NON_LITERAL_NULL_CONVERSION = YES;
				CLANG_WARN_OBJC_IMPLICIT_RETAIN_SELF = YES;
				CLANG_WARN_OBJC_LITERAL_CONVERSION = YES;
				CLANG_WARN_OBJC_ROOT_CLASS = YES_ERROR;
				CLANG_WARN_QUOTED_INCLUDE_IN_FRAMEWORK_HEADER = YES;
				CLANG_WARN_RANGE_LOOP_ANALYSIS = YES;
				CLANG_WARN_STRICT_PROTOTYPES = YES;
				CLANG_WARN_SUSPICIOUS_MOVE = YES;
				CLANG_WARN_UNGUARDED_AVAILABILITY = YES_AGGRESSIVE;
				CLANG_WARN_UNREACHABLE_CODE = YES;
				CLANG_WARN__DUPLICATE_METHOD_MATCH = YES;
				COPY_PHASE_STRIP = NO;
				DEBUG_INFORMATION_FORMAT = "dwarf-with-dsym";
				ENABLE_NS_ASSERTIONS = NO;
				ENABLE_STRICT_OBJC_MSGSEND = YES;
				GCC_C_LANGUAGE_STANDARD = gnu11;
				GCC_NO_COMMON_BLOCKS = YES;
				GCC_WARN_64_TO_32_BIT_CONVERSION = YES;
				GCC_WARN_ABOUT_RETURN_TYPE = YES_ERROR;
				GCC_WARN_UNDECLARED_SELECTOR = YES;
				GCC_WARN_UNINITIALIZED_AUTOS = YES_AGGRESSIVE;
				GCC_WARN_UNUSED_FUNCTION = YES;
				GCC_WARN_UNUSED_VARIABLE = YES;
				IPHONEOS_DEPLOYMENT_TARGET = 14.2;
				MTL_ENABLE_DEBUG_INFO = NO;
				MTL_FAST_MATH = YES;
				SDKROOT = iphoneos;
				SWIFT_COMPILATION_MODE = wholemodule;
				SWIFT_OPTIMIZATION_LEVEL = "-O";
				SWIFT_VERSION = 5.0;
				VALIDATE_PRODUCT = YES;
			};
			name = Release;
		};
		6523A26A25658A01009F808D /* Debug */ = {
			isa = XCBuildConfiguration;
			baseConfigurationReference = 6561AB6A2566C7BA008E74EB /* Config.xcconfig */;
			buildSettings = {
				ASSETCATALOG_COMPILER_APPICON_NAME = AppIcon;
				ASSETCATALOG_COMPILER_GLOBAL_ACCENT_COLOR_NAME = AccentColor;
				CLANG_ENABLE_MODULES = YES;
				CODE_SIGN_STYLE = Automatic;
				DEVELOPMENT_TEAM = 52SZT5H49E;
				GCC_PREPROCESSOR_DEFINITIONS = (
					"DEBUG=1",
					"$(inherited)",
				);
				INFOPLIST_FILE = "Marvel Characters/Info.plist";
				LD_RUNPATH_SEARCH_PATHS = (
					"$(inherited)",
					"@executable_path/Frameworks",
				);
				PRODUCT_BUNDLE_IDENTIFIER = "io.illescas-daniel.marvelCharacters.Marvel-Characters";
				PRODUCT_NAME = "$(TARGET_NAME)";
				SWIFT_OBJC_BRIDGING_HEADER = "Marvel Characters/config/Marvel Characters-Bridging-Header.h";
				SWIFT_OPTIMIZATION_LEVEL = "-Onone";
				SWIFT_VERSION = 5.0;
				TARGETED_DEVICE_FAMILY = "1,2";
			};
			name = Debug;
		};
		6523A26B25658A01009F808D /* Release */ = {
			isa = XCBuildConfiguration;
			buildSettings = {
				ASSETCATALOG_COMPILER_APPICON_NAME = AppIcon;
				ASSETCATALOG_COMPILER_GLOBAL_ACCENT_COLOR_NAME = AccentColor;
				CLANG_ENABLE_MODULES = YES;
				CODE_SIGN_STYLE = Automatic;
				DEVELOPMENT_TEAM = 52SZT5H49E;
				INFOPLIST_FILE = "Marvel Characters/Info.plist";
				LD_RUNPATH_SEARCH_PATHS = (
					"$(inherited)",
					"@executable_path/Frameworks",
				);
				PRODUCT_BUNDLE_IDENTIFIER = "io.illescas-daniel.marvelCharacters.Marvel-Characters";
				PRODUCT_NAME = "$(TARGET_NAME)";
				SWIFT_OBJC_BRIDGING_HEADER = "Marvel Characters/config/Marvel Characters-Bridging-Header.h";
				SWIFT_VERSION = 5.0;
				TARGETED_DEVICE_FAMILY = "1,2";
			};
			name = Release;
		};
		6523A26D25658A01009F808D /* Debug */ = {
			isa = XCBuildConfiguration;
			baseConfigurationReference = 6561AB6A2566C7BA008E74EB /* Config.xcconfig */;
			buildSettings = {
				ALWAYS_EMBED_SWIFT_STANDARD_LIBRARIES = YES;
				BUNDLE_LOADER = "$(TEST_HOST)";
				CODE_SIGN_STYLE = Automatic;
				DEVELOPMENT_TEAM = 52SZT5H49E;
				INFOPLIST_FILE = "Marvel CharactersTests/Info.plist";
				IPHONEOS_DEPLOYMENT_TARGET = 14.2;
				LD_RUNPATH_SEARCH_PATHS = (
					"$(inherited)",
					"@executable_path/Frameworks",
					"@loader_path/Frameworks",
				);
				PRODUCT_BUNDLE_IDENTIFIER = "io.illescas-daniel.marvelCharacters.Marvel-CharactersTests";
				PRODUCT_NAME = "$(TARGET_NAME)";
				SWIFT_VERSION = 5.0;
				TARGETED_DEVICE_FAMILY = "1,2";
				TEST_HOST = "$(BUILT_PRODUCTS_DIR)/Marvel Characters.app/Marvel Characters";
			};
			name = Debug;
		};
		6523A26E25658A01009F808D /* Release */ = {
			isa = XCBuildConfiguration;
			buildSettings = {
				ALWAYS_EMBED_SWIFT_STANDARD_LIBRARIES = YES;
				BUNDLE_LOADER = "$(TEST_HOST)";
				CODE_SIGN_STYLE = Automatic;
				DEVELOPMENT_TEAM = 52SZT5H49E;
				INFOPLIST_FILE = "Marvel CharactersTests/Info.plist";
				IPHONEOS_DEPLOYMENT_TARGET = 14.2;
				LD_RUNPATH_SEARCH_PATHS = (
					"$(inherited)",
					"@executable_path/Frameworks",
					"@loader_path/Frameworks",
				);
				PRODUCT_BUNDLE_IDENTIFIER = "io.illescas-daniel.marvelCharacters.Marvel-CharactersTests";
				PRODUCT_NAME = "$(TARGET_NAME)";
				SWIFT_VERSION = 5.0;
				TARGETED_DEVICE_FAMILY = "1,2";
				TEST_HOST = "$(BUILT_PRODUCTS_DIR)/Marvel Characters.app/Marvel Characters";
			};
			name = Release;
		};
		6523A27025658A01009F808D /* Debug */ = {
			isa = XCBuildConfiguration;
			buildSettings = {
				ALWAYS_EMBED_SWIFT_STANDARD_LIBRARIES = YES;
				CODE_SIGN_STYLE = Automatic;
				DEVELOPMENT_TEAM = 52SZT5H49E;
				INFOPLIST_FILE = "Marvel CharactersUITests/Info.plist";
				LD_RUNPATH_SEARCH_PATHS = (
					"$(inherited)",
					"@executable_path/Frameworks",
					"@loader_path/Frameworks",
				);
				PRODUCT_BUNDLE_IDENTIFIER = "io.illescas-daniel.marvelCharacters.Marvel-CharactersUITests";
				PRODUCT_NAME = "$(TARGET_NAME)";
				SWIFT_VERSION = 5.0;
				TARGETED_DEVICE_FAMILY = "1,2";
				TEST_TARGET_NAME = "Marvel Characters";
			};
			name = Debug;
		};
		6523A27125658A01009F808D /* Release */ = {
			isa = XCBuildConfiguration;
			buildSettings = {
				ALWAYS_EMBED_SWIFT_STANDARD_LIBRARIES = YES;
				CODE_SIGN_STYLE = Automatic;
				DEVELOPMENT_TEAM = 52SZT5H49E;
				INFOPLIST_FILE = "Marvel CharactersUITests/Info.plist";
				LD_RUNPATH_SEARCH_PATHS = (
					"$(inherited)",
					"@executable_path/Frameworks",
					"@loader_path/Frameworks",
				);
				PRODUCT_BUNDLE_IDENTIFIER = "io.illescas-daniel.marvelCharacters.Marvel-CharactersUITests";
				PRODUCT_NAME = "$(TARGET_NAME)";
				SWIFT_VERSION = 5.0;
				TARGETED_DEVICE_FAMILY = "1,2";
				TEST_TARGET_NAME = "Marvel Characters";
			};
			name = Release;
		};
/* End XCBuildConfiguration section */

/* Begin XCConfigurationList section */
		6523A23A25658A00009F808D /* Build configuration list for PBXProject "Marvel Characters" */ = {
			isa = XCConfigurationList;
			buildConfigurations = (
				6523A26725658A01009F808D /* Debug */,
				6523A26825658A01009F808D /* Release */,
			);
			defaultConfigurationIsVisible = 0;
			defaultConfigurationName = Release;
		};
		6523A26925658A01009F808D /* Build configuration list for PBXNativeTarget "Marvel Characters" */ = {
			isa = XCConfigurationList;
			buildConfigurations = (
				6523A26A25658A01009F808D /* Debug */,
				6523A26B25658A01009F808D /* Release */,
			);
			defaultConfigurationIsVisible = 0;
			defaultConfigurationName = Release;
		};
		6523A26C25658A01009F808D /* Build configuration list for PBXNativeTarget "Marvel CharactersTests" */ = {
			isa = XCConfigurationList;
			buildConfigurations = (
				6523A26D25658A01009F808D /* Debug */,
				6523A26E25658A01009F808D /* Release */,
			);
			defaultConfigurationIsVisible = 0;
			defaultConfigurationName = Release;
		};
		6523A26F25658A01009F808D /* Build configuration list for PBXNativeTarget "Marvel CharactersUITests" */ = {
			isa = XCConfigurationList;
			buildConfigurations = (
				6523A27025658A01009F808D /* Debug */,
				6523A27125658A01009F808D /* Release */,
			);
			defaultConfigurationIsVisible = 0;
			defaultConfigurationName = Release;
		};
/* End XCConfigurationList section */

/* Begin XCRemoteSwiftPackageReference section */
		6523A28F25658E1F009F808D /* XCRemoteSwiftPackageReference "ZippyJSON" */ = {
			isa = XCRemoteSwiftPackageReference;
			repositoryURL = "https://github.com/michaeleisel/ZippyJSON.git";
			requirement = {
				kind = upToNextMajorVersion;
				minimumVersion = 1.2.1;
			};
		};
/* End XCRemoteSwiftPackageReference section */

/* Begin XCSwiftPackageProductDependency section */
		6523A29025658E1F009F808D /* ZippyJSON */ = {
			isa = XCSwiftPackageProductDependency;
			package = 6523A28F25658E1F009F808D /* XCRemoteSwiftPackageReference "ZippyJSON" */;
			productName = ZippyJSON;
		};
/* End XCSwiftPackageProductDependency section */
	};
	rootObject = 6523A23725658A00009F808D /* Project object */;
}
